Microsoft Visual Studio Solution File, Format Version 12.00
# Visual Studio 2012
Project("{FAE04EC0-301F-11D3-BF4B-00C04F79EFBC}") = "DecisionMaking", "DecisionMaking\DecisionMaking.csproj", "{FB34C19B-0AF6-497B-9843-EEB425BDD5B5}"
EndProject
Project("{FAE04EC0-301F-11D3-BF4B-00C04F79EFBC}") = "CoreEntities", "CoreEntities\CoreEntities.csproj", "{45ABD40C-1505-4C36-B72E-047245A629D7}"
EndProject
Project("{FAE04EC0-301F-11D3-BF4B-00C04F79EFBC}") = "CodeExecution", "CodeExecution\CodeExecution.csproj", "{A8477142-B517-42EA-A61C-4E5E8492455C}"
EndProject
Project("{FAE04EC0-301F-11D3-BF4B-00C04F79EFBC}") = "CodeExecution.Test", "CodeExecution.Test\CodeExecution.Test.csproj", "{8C5B3801-B8A1-4794-A93F-5AC8CB0CA222}"
EndProject
Project("{FAE04EC0-301F-11D3-BF4B-00C04F79EFBC}") = "Direction", "Direction\Direction.csproj", "{1ADF89E6-898E-4401-9634-E5718B611E15}"
EndProject
Project("{FAE04EC0-301F-11D3-BF4B-00C04F79EFBC}") = "Framework.Graph.Test", "Framework.Graph.Test\Framework.Graph.Test.csproj", "{8486A4AB-CF2C-47E6-9080-33CD964D45E2}"
EndProject
Project("{FAE04EC0-301F-11D3-BF4B-00C04F79EFBC}") = "Framework.BehaviorTree.Test", "Framework.BehaviorTree.Test\Framework.BehaviorTree.Test.csproj", "{9E759ABD-C2DF-4F30-88DC-13C849F149DF}"
EndProject
Global
	GlobalSection(SolutionConfigurationPlatforms) = preSolution
	Debug|Any CPU = Debug|Any CPU
	ExportDebug|Any CPU = ExportDebug|Any CPU
	ExportRelease|Any CPU = ExportRelease|Any CPU
	EndGlobalSection
	GlobalSection(ProjectConfigurationPlatforms) = postSolution
		{FB34C19B-0AF6-497B-9843-EEB425BDD5B5}.Debug|Any CPU.ActiveCfg = Debug|Any CPU
		{FB34C19B-0AF6-497B-9843-EEB425BDD5B5}.Debug|Any CPU.Build.0 = Debug|Any CPU
		{FB34C19B-0AF6-497B-9843-EEB425BDD5B5}.ExportDebug|Any CPU.ActiveCfg = Debug|Any CPU
		{FB34C19B-0AF6-497B-9843-EEB425BDD5B5}.ExportDebug|Any CPU.Build.0 = Debug|Any CPU
		{FB34C19B-0AF6-497B-9843-EEB425BDD5B5}.ExportRelease|Any CPU.ActiveCfg = Debug|Any CPU
		{FB34C19B-0AF6-497B-9843-EEB425BDD5B5}.ExportRelease|Any CPU.Build.0 = Debug|Any CPU
		{45ABD40C-1505-4C36-B72E-047245A629D7}.Debug|Any CPU.ActiveCfg = Debug|Any CPU
		{45ABD40C-1505-4C36-B72E-047245A629D7}.Debug|Any CPU.Build.0 = Debug|Any CPU
		{45ABD40C-1505-4C36-B72E-047245A629D7}.ExportDebug|Any CPU.ActiveCfg = Debug|Any CPU
		{45ABD40C-1505-4C36-B72E-047245A629D7}.ExportDebug|Any CPU.Build.0 = Debug|Any CPU
		{45ABD40C-1505-4C36-B72E-047245A629D7}.ExportRelease|Any CPU.ActiveCfg = Debug|Any CPU
		{45ABD40C-1505-4C36-B72E-047245A629D7}.ExportRelease|Any CPU.Build.0 = Debug|Any CPU
		{A8477142-B517-42EA-A61C-4E5E8492455C}.Debug|Any CPU.ActiveCfg = Debug|Any CPU
		{A8477142-B517-42EA-A61C-4E5E8492455C}.Debug|Any CPU.Build.0 = Debug|Any CPU
		{A8477142-B517-42EA-A61C-4E5E8492455C}.ExportDebug|Any CPU.ActiveCfg = Debug|Any CPU
		{A8477142-B517-42EA-A61C-4E5E8492455C}.ExportDebug|Any CPU.Build.0 = Debug|Any CPU
		{A8477142-B517-42EA-A61C-4E5E8492455C}.ExportRelease|Any CPU.ActiveCfg = Debug|Any CPU
		{A8477142-B517-42EA-A61C-4E5E8492455C}.ExportRelease|Any CPU.Build.0 = Debug|Any CPU
		{8C5B3801-B8A1-4794-A93F-5AC8CB0CA222}.Debug|Any CPU.ActiveCfg = Debug|Any CPU
		{8C5B3801-B8A1-4794-A93F-5AC8CB0CA222}.Debug|Any CPU.Build.0 = Debug|Any CPU
		{8C5B3801-B8A1-4794-A93F-5AC8CB0CA222}.ExportDebug|Any CPU.ActiveCfg = Debug|Any CPU
		{8C5B3801-B8A1-4794-A93F-5AC8CB0CA222}.ExportDebug|Any CPU.Build.0 = Debug|Any CPU
		{8C5B3801-B8A1-4794-A93F-5AC8CB0CA222}.ExportRelease|Any CPU.ActiveCfg = Debug|Any CPU
		{8C5B3801-B8A1-4794-A93F-5AC8CB0CA222}.ExportRelease|Any CPU.Build.0 = Debug|Any CPU
		{1ADF89E6-898E-4401-9634-E5718B611E15}.Debug|Any CPU.ActiveCfg = Debug|Any CPU
		{1ADF89E6-898E-4401-9634-E5718B611E15}.Debug|Any CPU.Build.0 = Debug|Any CPU
		{1ADF89E6-898E-4401-9634-E5718B611E15}.ExportDebug|Any CPU.ActiveCfg = Debug|Any CPU
		{1ADF89E6-898E-4401-9634-E5718B611E15}.ExportDebug|Any CPU.Build.0 = Debug|Any CPU
		{1ADF89E6-898E-4401-9634-E5718B611E15}.ExportRelease|Any CPU.ActiveCfg = Debug|Any CPU
		{1ADF89E6-898E-4401-9634-E5718B611E15}.ExportRelease|Any CPU.Build.0 = Debug|Any CPU
		{8486A4AB-CF2C-47E6-9080-33CD964D45E2}.Debug|Any CPU.ActiveCfg = Debug|Any CPU
		{8486A4AB-CF2C-47E6-9080-33CD964D45E2}.Debug|Any CPU.Build.0 = Debug|Any CPU
		{8486A4AB-CF2C-47E6-9080-33CD964D45E2}.ExportDebug|Any CPU.ActiveCfg = Debug|Any CPU
		{8486A4AB-CF2C-47E6-9080-33CD964D45E2}.ExportDebug|Any CPU.Build.0 = Debug|Any CPU
		{8486A4AB-CF2C-47E6-9080-33CD964D45E2}.ExportRelease|Any CPU.ActiveCfg = Debug|Any CPU
		{8486A4AB-CF2C-47E6-9080-33CD964D45E2}.ExportRelease|Any CPU.Build.0 = Debug|Any CPU
		{9E759ABD-C2DF-4F30-88DC-13C849F149DF}.Debug|Any CPU.ActiveCfg = Debug|Any CPU
		{9E759ABD-C2DF-4F30-88DC-13C849F149DF}.Debug|Any CPU.Build.0 = Debug|Any CPU
		{9E759ABD-C2DF-4F30-88DC-13C849F149DF}.ExportDebug|Any CPU.ActiveCfg = Debug|Any CPU
		{9E759ABD-C2DF-4F30-88DC-13C849F149DF}.ExportDebug|Any CPU.Build.0 = Debug|Any CPU
		{9E759ABD-C2DF-4F30-88DC-13C849F149DF}.ExportRelease|Any CPU.ActiveCfg = Debug|Any CPU
		{9E759ABD-C2DF-4F30-88DC-13C849F149DF}.ExportRelease|Any CPU.Build.0 = Debug|Any CPU
	EndGlobalSection
EndGlobal
